
Microsoft Visual Studio Solution File, Format Version 12.00
# Visual Studio Version 16
VisualStudioVersion = 16.0.31410.357
MinimumVisualStudioVersion = 10.0.40219.1
Project("{FAE04EC0-301F-11D3-BF4B-00C04F79EFBC}") = "ExpressAssistant", "ExpressAssistant\ExpressAssistant.csproj", "{207A5CB8-93B2-4CDA-9FC8-8012177237EF}"
EndProject
Global
	GlobalSection(SolutionConfigurationPlatforms) = preSolution
		Debug|Any CPU = Debug|Any CPU
		Release|Any CPU = Release|Any CPU
	EndGlobalSection
	GlobalSection(ProjectConfigurationPlatforms) = postSolution
		{207A5CB8-93B2-4CDA-9FC8-8012177237EF}.Debug|Any CPU.ActiveCfg = Debug|Any CPU
		{207A5CB8-93B2-4CDA-9FC8-8012177237EF}.Debug|Any CPU.Build.0 = Debug|Any CPU
		{207A5CB8-93B2-4CDA-9FC8-8012177237EF}.Release|Any CPU.ActiveCfg = Release|Any CPU
		{207A5CB8-93B2-4CDA-9FC8-8012177237EF}.Release|Any CPU.Build.0 = Release|Any CPU
	EndGlobalSection
	GlobalSection(SolutionProperties) = preSolution
		HideSolutionNode = FALSE
	EndGlobalSection
	GlobalSection(ExtensibilityGlobals) = postSolution
		SolutionGuid = {442C07E5-F3F3-4DBF-8893-257F0BCD175D}
	EndGlobalSection
EndGlobal
